
Microsoft Visual Studio Solution File, Format Version 12.00
# Visual Studio Version 16
VisualStudioVersion = 16.0.29613.14
MinimumVisualStudioVersion = 10.0.40219.1
Project("{FAE04EC0-301F-11D3-BF4B-00C04F79EFBC}") = "readDataFromDb", "readDataFromDb\readDataFromDb.csproj", "{B78803CF-7173-4231-9DAA-2BB476E5BE37}"
EndProject
Global
	GlobalSection(SolutionConfigurationPlatforms) = preSolution
		Debug|Any CPU = Debug|Any CPU
		Release|Any CPU = Release|Any CPU
	EndGlobalSection
	GlobalSection(ProjectConfigurationPlatforms) = postSolution
		{B78803CF-7173-4231-9DAA-2BB476E5BE37}.Debug|Any CPU.ActiveCfg = Debug|Any CPU
		{B78803CF-7173-4231-9DAA-2BB476E5BE37}.Debug|Any CPU.Build.0 = Debug|Any CPU
		{B78803CF-7173-4231-9DAA-2BB476E5BE37}.Release|Any CPU.ActiveCfg = Release|Any CPU
		{B78803CF-7173-4231-9DAA-2BB476E5BE37}.Release|Any CPU.Build.0 = Release|Any CPU
	EndGlobalSection
	GlobalSection(SolutionProperties) = preSolution
		HideSolutionNode = FALSE
	EndGlobalSection
	GlobalSection(ExtensibilityGlobals) = postSolution
		SolutionGuid = {ADBF741A-4EAF-454E-8D4E-EC7565E190F1}
	EndGlobalSection
EndGlobal
