
Microsoft Visual Studio Solution File, Format Version 12.00
# Visual Studio Version 16
VisualStudioVersion = 16.0.29613.14
MinimumVisualStudioVersion = 10.0.40219.1
Project("{FAE04EC0-301F-11D3-BF4B-00C04F79EFBC}") = "useTempData", "useTempData\useTempData.csproj", "{414A3020-18B9-4DC2-A276-CEDB4A4EF1CC}"
EndProject
Global
	GlobalSection(SolutionConfigurationPlatforms) = preSolution
		Debug|Any CPU = Debug|Any CPU
		Release|Any CPU = Release|Any CPU
	EndGlobalSection
	GlobalSection(ProjectConfigurationPlatforms) = postSolution
		{414A3020-18B9-4DC2-A276-CEDB4A4EF1CC}.Debug|Any CPU.ActiveCfg = Debug|Any CPU
		{414A3020-18B9-4DC2-A276-CEDB4A4EF1CC}.Debug|Any CPU.Build.0 = Debug|Any CPU
		{414A3020-18B9-4DC2-A276-CEDB4A4EF1CC}.Release|Any CPU.ActiveCfg = Release|Any CPU
		{414A3020-18B9-4DC2-A276-CEDB4A4EF1CC}.Release|Any CPU.Build.0 = Release|Any CPU
	EndGlobalSection
	GlobalSection(SolutionProperties) = preSolution
		HideSolutionNode = FALSE
	EndGlobalSection
	GlobalSection(ExtensibilityGlobals) = postSolution
		SolutionGuid = {0157501E-DEC6-425A-939B-A06D89170B68}
	EndGlobalSection
EndGlobal
